
Microsoft Visual Studio Solution File, Format Version 12.00
# Visual Studio Version 16
VisualStudioVersion = 16.0.30413.136
MinimumVisualStudioVersion = 10.0.40219.1
Project("{2150E333-8FDC-42A3-9474-1A3956D46DE8}") = "src", "src", "{D480E03F-5F0F-4953-A194-50F50F97A06D}"
EndProject
Project("{9A19103F-16F7-4668-BE54-9A1E7A4F7556}") = "ApiTester.GUI", "src\ApiTester.GUI\ApiTester.GUI.csproj", "{99A1B83D-DDA5-4BFB-8FCA-79CC874DF0C6}"
EndProject
Project("{FAE04EC0-301F-11D3-BF4B-00C04F79EFBC}") = "ApiTester.Logic", "src\ApiTester.Logic\ApiTester.Logic.csproj", "{CE2CE4B0-3727-4D50-8B04-B801243D5E56}"
EndProject
Project("{FAE04EC0-301F-11D3-BF4B-00C04F79EFBC}") = "TestClient", "src\TestClient\TestClient.csproj", "{962096B5-67DF-431D-B49A-681C62929B4E}"
EndProject
Global
	GlobalSection(SolutionConfigurationPlatforms) = preSolution
		Debug|Any CPU = Debug|Any CPU
		Release|Any CPU = Release|Any CPU
	EndGlobalSection
	GlobalSection(ProjectConfigurationPlatforms) = postSolution
		{99A1B83D-DDA5-4BFB-8FCA-79CC874DF0C6}.Debug|Any CPU.ActiveCfg = Debug|Any CPU
		{99A1B83D-DDA5-4BFB-8FCA-79CC874DF0C6}.Debug|Any CPU.Build.0 = Debug|Any CPU
		{99A1B83D-DDA5-4BFB-8FCA-79CC874DF0C6}.Release|Any CPU.ActiveCfg = Release|Any CPU
		{99A1B83D-DDA5-4BFB-8FCA-79CC874DF0C6}.Release|Any CPU.Build.0 = Release|Any CPU
		{CE2CE4B0-3727-4D50-8B04-B801243D5E56}.Debug|Any CPU.ActiveCfg = Debug|Any CPU
		{CE2CE4B0-3727-4D50-8B04-B801243D5E56}.Debug|Any CPU.Build.0 = Debug|Any CPU
		{CE2CE4B0-3727-4D50-8B04-B801243D5E56}.Release|Any CPU.ActiveCfg = Release|Any CPU
		{CE2CE4B0-3727-4D50-8B04-B801243D5E56}.Release|Any CPU.Build.0 = Release|Any CPU
		{962096B5-67DF-431D-B49A-681C62929B4E}.Debug|Any CPU.ActiveCfg = Debug|Any CPU
		{962096B5-67DF-431D-B49A-681C62929B4E}.Debug|Any CPU.Build.0 = Debug|Any CPU
		{962096B5-67DF-431D-B49A-681C62929B4E}.Release|Any CPU.ActiveCfg = Release|Any CPU
		{962096B5-67DF-431D-B49A-681C62929B4E}.Release|Any CPU.Build.0 = Release|Any CPU
	EndGlobalSection
	GlobalSection(SolutionProperties) = preSolution
		HideSolutionNode = FALSE
	EndGlobalSection
	GlobalSection(NestedProjects) = preSolution
		{99A1B83D-DDA5-4BFB-8FCA-79CC874DF0C6} = {D480E03F-5F0F-4953-A194-50F50F97A06D}
		{CE2CE4B0-3727-4D50-8B04-B801243D5E56} = {D480E03F-5F0F-4953-A194-50F50F97A06D}
	EndGlobalSection
	GlobalSection(ExtensibilityGlobals) = postSolution
		SolutionGuid = {7DA3E38F-1492-4F41-B419-9532C9C5ED59}
	EndGlobalSection
EndGlobal
